// !$*UTF8*$!
{
	archiveVersion = 1;
	classes = {
	};
	objectVersion = 50;
	objects = {

/* Begin PBXBuildFile section */
		C23DC7BA2581055E003E30B7 /* AppDelegate.swift in Sources */ = {isa = PBXBuildFile; fileRef = C23DC7B92581055E003E30B7 /* AppDelegate.swift */; };
		C23DC7BC2581055E003E30B7 /* SceneDelegate.swift in Sources */ = {isa = PBXBuildFile; fileRef = C23DC7BB2581055E003E30B7 /* SceneDelegate.swift */; };
		C23DC7C12581055E003E30B7 /* Main.storyboard in Resources */ = {isa = PBXBuildFile; fileRef = C23DC7BF2581055E003E30B7 /* Main.storyboard */; };
		C23DC7C42581055E003E30B7 /* MoneyHistory.xcdatamodeld in Sources */ = {isa = PBXBuildFile; fileRef = C23DC7C22581055E003E30B7 /* MoneyHistory.xcdatamodeld */; };
		C23DC7C62581055F003E30B7 /* Assets.xcassets in Resources */ = {isa = PBXBuildFile; fileRef = C23DC7C52581055F003E30B7 /* Assets.xcassets */; };
		C23DC7C92581055F003E30B7 /* LaunchScreen.storyboard in Resources */ = {isa = PBXBuildFile; fileRef = C23DC7C72581055F003E30B7 /* LaunchScreen.storyboard */; };
		C23DC7D625810C73003E30B7 /* MonthViewController.swift in Sources */ = {isa = PBXBuildFile; fileRef = C23DC7D525810C73003E30B7 /* MonthViewController.swift */; };
		C23DC7DA25810C80003E30B7 /* WeekViewController.swift in Sources */ = {isa = PBXBuildFile; fileRef = C23DC7D925810C80003E30B7 /* WeekViewController.swift */; };
		C23DC7DD25810C8A003E30B7 /* DayViewController.swift in Sources */ = {isa = PBXBuildFile; fileRef = C23DC7DC25810C8A003E30B7 /* DayViewController.swift */; };
		C23DE41C259F8973003E30B7 /* DayCollectionViewCell.swift in Sources */ = {isa = PBXBuildFile; fileRef = C23DE41B259F8973003E30B7 /* DayCollectionViewCell.swift */; };
		C23DE42125A23A9C003E30B7 /* Utility.swift in Sources */ = {isa = PBXBuildFile; fileRef = C23DE42025A23A9C003E30B7 /* Utility.swift */; };
		C23DE42925A251EE003E30B7 /* DayCollectionView.swift in Sources */ = {isa = PBXBuildFile; fileRef = C23DE42825A251EE003E30B7 /* DayCollectionView.swift */; };
		C23DE42C25A2555F003E30B7 /* MonthCalendarCollectionView.swift in Sources */ = {isa = PBXBuildFile; fileRef = C23DE42B25A2555F003E30B7 /* MonthCalendarCollectionView.swift */; };
		C23DE42F25A256FA003E30B7 /* MonthCalendarCollectionViewCell.swift in Sources */ = {isa = PBXBuildFile; fileRef = C23DE42E25A256FA003E30B7 /* MonthCalendarCollectionViewCell.swift */; };
		C23DE43225A28AF5003E30B7 /* MonthCalendarViewController.swift in Sources */ = {isa = PBXBuildFile; fileRef = C23DE43125A28AF5003E30B7 /* MonthCalendarViewController.swift */; };
		C23DE43525A2F33D003E30B7 /* MonthViewController+UICollectionView.swift in Sources */ = {isa = PBXBuildFile; fileRef = C23DE43425A2F33D003E30B7 /* MonthViewController+UICollectionView.swift */; };
		C23DE43825A2F3C0003E30B7 /* MonthViewController+UIPageViewController.swift in Sources */ = {isa = PBXBuildFile; fileRef = C23DE43725A2F3C0003E30B7 /* MonthViewController+UIPageViewController.swift */; };
		C23DE43B25A2F58A003E30B7 /* MonthCalendarViewController+UICollectionView.swift in Sources */ = {isa = PBXBuildFile; fileRef = C23DE43A25A2F58A003E30B7 /* MonthCalendarViewController+UICollectionView.swift */; };
		C2687E7325ACBD39007ED34B /* SelectExpenseCategoryViewController.swift in Sources */ = {isa = PBXBuildFile; fileRef = C2687E7225ACBD39007ED34B /* SelectExpenseCategoryViewController.swift */; };
		C2687E7825ACD894007ED34B /* ExpenseCategory.swift in Sources */ = {isa = PBXBuildFile; fileRef = C2687E7725ACD894007ED34B /* ExpenseCategory.swift */; };
		C2687E7B25ACDA9C007ED34B /* SelectExpenseCategoryViewController+UICollectionView.swift in Sources */ = {isa = PBXBuildFile; fileRef = C2687E7A25ACDA9C007ED34B /* SelectExpenseCategoryViewController+UICollectionView.swift */; };
		C2687E7F25ACDEA1007ED34B /* ExpenseCategoryCollectionViewCell.swift in Sources */ = {isa = PBXBuildFile; fileRef = C2687E7E25ACDEA1007ED34B /* ExpenseCategoryCollectionViewCell.swift */; };
		C2687E8225ACEAF5007ED34B /* SelectExpensePaymentViewController.swift in Sources */ = {isa = PBXBuildFile; fileRef = C2687E8125ACEAF5007ED34B /* SelectExpensePaymentViewController.swift */; };
		C2687E8C25ACF5A7007ED34B /* ExpenseInfoModel.swift in Sources */ = {isa = PBXBuildFile; fileRef = C2687E8B25ACF5A7007ED34B /* ExpenseInfoModel.swift */; };
		C2687E9025ACFF83007ED34B /* ExpenseDAO.swift in Sources */ = {isa = PBXBuildFile; fileRef = C2687E8F25ACFF83007ED34B /* ExpenseDAO.swift */; };
		C2687E9625AD7740007ED34B /* DailyHistoryInfoTableView.swift in Sources */ = {isa = PBXBuildFile; fileRef = C2687E9525AD7740007ED34B /* DailyHistoryInfoTableView.swift */; };
		C2687E9C25AD78A5007ED34B /* DailyHistoryInfoTableViewCell.swift in Sources */ = {isa = PBXBuildFile; fileRef = C2687E9B25AD78A5007ED34B /* DailyHistoryInfoTableViewCell.swift */; };
		C2687EA425AD9A26007ED34B /* MonthViewController+UITableView.swift in Sources */ = {isa = PBXBuildFile; fileRef = C2687EA325AD9A26007ED34B /* MonthViewController+UITableView.swift */; };
		C268800025AF30BD007ED34B /* SelectIncomeCategoryViewController.swift in Sources */ = {isa = PBXBuildFile; fileRef = C2687FFF25AF30BD007ED34B /* SelectIncomeCategoryViewController.swift */; };
		C268800325AF3238007ED34B /* SelectIncomeCategoryViewController+UICollecionView.swift in Sources */ = {isa = PBXBuildFile; fileRef = C268800225AF3238007ED34B /* SelectIncomeCategoryViewController+UICollecionView.swift */; };
		C268800625AF3411007ED34B /* IncomeCategoryCollectionViewCell.swift in Sources */ = {isa = PBXBuildFile; fileRef = C268800525AF3411007ED34B /* IncomeCategoryCollectionViewCell.swift */; };
		C268800925AF341F007ED34B /* IncomeCategory.swift in Sources */ = {isa = PBXBuildFile; fileRef = C268800825AF341F007ED34B /* IncomeCategory.swift */; };
		C268801B25AF6C27007ED34B /* IncomeInfoModel.swift in Sources */ = {isa = PBXBuildFile; fileRef = C268801A25AF6C27007ED34B /* IncomeInfoModel.swift */; };
		C268801E25AF6C76007ED34B /* IncomeDAO.swift in Sources */ = {isa = PBXBuildFile; fileRef = C268801D25AF6C76007ED34B /* IncomeDAO.swift */; };
		C268802125AF6FB3007ED34B /* InfoModel.swift in Sources */ = {isa = PBXBuildFile; fileRef = C268802025AF6FB3007ED34B /* InfoModel.swift */; };
		C2F9D3DD25A8F9D700F6503D /* AddDealHistoryViewController.swift in Sources */ = {isa = PBXBuildFile; fileRef = C2F9D3DC25A8F9D700F6503D /* AddDealHistoryViewController.swift */; };
		C2F9D3E025A90C4C00F6503D /* SingleTon.swift in Sources */ = {isa = PBXBuildFile; fileRef = C2F9D3DF25A90C4C00F6503D /* SingleTon.swift */; };
/* End PBXBuildFile section */

/* Begin PBXFileReference section */
		C23DC7B62581055E003E30B7 /* WepleMoneyClone.app */ = {isa = PBXFileReference; explicitFileType = wrapper.application; includeInIndex = 0; path = WepleMoneyClone.app; sourceTree = BUILT_PRODUCTS_DIR; };
		C23DC7B92581055E003E30B7 /* AppDelegate.swift */ = {isa = PBXFileReference; lastKnownFileType = sourcecode.swift; path = AppDelegate.swift; sourceTree = "<group>"; };
		C23DC7BB2581055E003E30B7 /* SceneDelegate.swift */ = {isa = PBXFileReference; lastKnownFileType = sourcecode.swift; path = SceneDelegate.swift; sourceTree = "<group>"; };
		C23DC7C02581055E003E30B7 /* Base */ = {isa = PBXFileReference; lastKnownFileType = file.storyboard; name = Base; path = Base.lproj/Main.storyboard; sourceTree = "<group>"; };
		C23DC7C32581055E003E30B7 /* WepleMoneyClone.xcdatamodel */ = {isa = PBXFileReference; lastKnownFileType = wrapper.xcdatamodel; path = WepleMoneyClone.xcdatamodel; sourceTree = "<group>"; };
		C23DC7C52581055F003E30B7 /* Assets.xcassets */ = {isa = PBXFileReference; lastKnownFileType = folder.assetcatalog; path = Assets.xcassets; sourceTree = "<group>"; };
		C23DC7C82581055F003E30B7 /* Base */ = {isa = PBXFileReference; lastKnownFileType = file.storyboard; name = Base; path = Base.lproj/LaunchScreen.storyboard; sourceTree = "<group>"; };
		C23DC7CA2581055F003E30B7 /* Info.plist */ = {isa = PBXFileReference; lastKnownFileType = text.plist.xml; path = Info.plist; sourceTree = "<group>"; };
		C23DC7D525810C73003E30B7 /* MonthViewController.swift */ = {isa = PBXFileReference; lastKnownFileType = sourcecode.swift; path = MonthViewController.swift; sourceTree = "<group>"; };
		C23DC7D925810C80003E30B7 /* WeekViewController.swift */ = {isa = PBXFileReference; lastKnownFileType = sourcecode.swift; path = WeekViewController.swift; sourceTree = "<group>"; };
		C23DC7DC25810C8A003E30B7 /* DayViewController.swift */ = {isa = PBXFileReference; lastKnownFileType = sourcecode.swift; path = DayViewController.swift; sourceTree = "<group>"; };
		C23DE41B259F8973003E30B7 /* DayCollectionViewCell.swift */ = {isa = PBXFileReference; lastKnownFileType = sourcecode.swift; path = DayCollectionViewCell.swift; sourceTree = "<group>"; };
		C23DE42025A23A9C003E30B7 /* Utility.swift */ = {isa = PBXFileReference; lastKnownFileType = sourcecode.swift; path = Utility.swift; sourceTree = "<group>"; };
		C23DE42825A251EE003E30B7 /* DayCollectionView.swift */ = {isa = PBXFileReference; lastKnownFileType = sourcecode.swift; path = DayCollectionView.swift; sourceTree = "<group>"; };
		C23DE42B25A2555F003E30B7 /* MonthCalendarCollectionView.swift */ = {isa = PBXFileReference; lastKnownFileType = sourcecode.swift; path = MonthCalendarCollectionView.swift; sourceTree = "<group>"; };
		C23DE42E25A256FA003E30B7 /* MonthCalendarCollectionViewCell.swift */ = {isa = PBXFileReference; lastKnownFileType = sourcecode.swift; path = MonthCalendarCollectionViewCell.swift; sourceTree = "<group>"; };
		C23DE43125A28AF5003E30B7 /* MonthCalendarViewController.swift */ = {isa = PBXFileReference; lastKnownFileType = sourcecode.swift; path = MonthCalendarViewController.swift; sourceTree = "<group>"; };
		C23DE43425A2F33D003E30B7 /* MonthViewController+UICollectionView.swift */ = {isa = PBXFileReference; lastKnownFileType = sourcecode.swift; path = "MonthViewController+UICollectionView.swift"; sourceTree = "<group>"; };
		C23DE43725A2F3C0003E30B7 /* MonthViewController+UIPageViewController.swift */ = {isa = PBXFileReference; lastKnownFileType = sourcecode.swift; path = "MonthViewController+UIPageViewController.swift"; sourceTree = "<group>"; };
		C23DE43A25A2F58A003E30B7 /* MonthCalendarViewController+UICollectionView.swift */ = {isa = PBXFileReference; lastKnownFileType = sourcecode.swift; path = "MonthCalendarViewController+UICollectionView.swift"; sourceTree = "<group>"; };
		C2687E7225ACBD39007ED34B /* SelectExpenseCategoryViewController.swift */ = {isa = PBXFileReference; lastKnownFileType = sourcecode.swift; path = SelectExpenseCategoryViewController.swift; sourceTree = "<group>"; };
		C2687E7725ACD894007ED34B /* ExpenseCategory.swift */ = {isa = PBXFileReference; lastKnownFileType = sourcecode.swift; path = ExpenseCategory.swift; sourceTree = "<group>"; };
		C2687E7A25ACDA9C007ED34B /* SelectExpenseCategoryViewController+UICollectionView.swift */ = {isa = PBXFileReference; lastKnownFileType = sourcecode.swift; path = "SelectExpenseCategoryViewController+UICollectionView.swift"; sourceTree = "<group>"; };
		C2687E7E25ACDEA1007ED34B /* ExpenseCategoryCollectionViewCell.swift */ = {isa = PBXFileReference; lastKnownFileType = sourcecode.swift; path = ExpenseCategoryCollectionViewCell.swift; sourceTree = "<group>"; };
		C2687E8125ACEAF5007ED34B /* SelectExpensePaymentViewController.swift */ = {isa = PBXFileReference; lastKnownFileType = sourcecode.swift; path = SelectExpensePaymentViewController.swift; sourceTree = "<group>"; };
		C2687E8B25ACF5A7007ED34B /* ExpenseInfoModel.swift */ = {isa = PBXFileReference; lastKnownFileType = sourcecode.swift; path = ExpenseInfoModel.swift; sourceTree = "<group>"; };
		C2687E8F25ACFF83007ED34B /* ExpenseDAO.swift */ = {isa = PBXFileReference; lastKnownFileType = sourcecode.swift; path = ExpenseDAO.swift; sourceTree = "<group>"; };
		C2687E9525AD7740007ED34B /* DailyHistoryInfoTableView.swift */ = {isa = PBXFileReference; lastKnownFileType = sourcecode.swift; path = DailyHistoryInfoTableView.swift; sourceTree = "<group>"; };
		C2687E9B25AD78A5007ED34B /* DailyHistoryInfoTableViewCell.swift */ = {isa = PBXFileReference; lastKnownFileType = sourcecode.swift; path = DailyHistoryInfoTableViewCell.swift; sourceTree = "<group>"; };
		C2687EA325AD9A26007ED34B /* MonthViewController+UITableView.swift */ = {isa = PBXFileReference; lastKnownFileType = sourcecode.swift; path = "MonthViewController+UITableView.swift"; sourceTree = "<group>"; };
		C2687FFF25AF30BD007ED34B /* SelectIncomeCategoryViewController.swift */ = {isa = PBXFileReference; lastKnownFileType = sourcecode.swift; path = SelectIncomeCategoryViewController.swift; sourceTree = "<group>"; };
		C268800225AF3238007ED34B /* SelectIncomeCategoryViewController+UICollecionView.swift */ = {isa = PBXFileReference; lastKnownFileType = sourcecode.swift; path = "SelectIncomeCategoryViewController+UICollecionView.swift"; sourceTree = "<group>"; };
		C268800525AF3411007ED34B /* IncomeCategoryCollectionViewCell.swift */ = {isa = PBXFileReference; lastKnownFileType = sourcecode.swift; path = IncomeCategoryCollectionViewCell.swift; sourceTree = "<group>"; };
		C268800825AF341F007ED34B /* IncomeCategory.swift */ = {isa = PBXFileReference; lastKnownFileType = sourcecode.swift; path = IncomeCategory.swift; sourceTree = "<group>"; };
		C268801A25AF6C27007ED34B /* IncomeInfoModel.swift */ = {isa = PBXFileReference; lastKnownFileType = sourcecode.swift; path = IncomeInfoModel.swift; sourceTree = "<group>"; };
		C268801D25AF6C76007ED34B /* IncomeDAO.swift */ = {isa = PBXFileReference; lastKnownFileType = sourcecode.swift; path = IncomeDAO.swift; sourceTree = "<group>"; };
		C268802025AF6FB3007ED34B /* InfoModel.swift */ = {isa = PBXFileReference; lastKnownFileType = sourcecode.swift; path = InfoModel.swift; sourceTree = "<group>"; };
		C2F9D3DC25A8F9D700F6503D /* AddDealHistoryViewController.swift */ = {isa = PBXFileReference; lastKnownFileType = sourcecode.swift; path = AddDealHistoryViewController.swift; sourceTree = "<group>"; };
		C2F9D3DF25A90C4C00F6503D /* SingleTon.swift */ = {isa = PBXFileReference; lastKnownFileType = sourcecode.swift; path = SingleTon.swift; sourceTree = "<group>"; };
/* End PBXFileReference section */

/* Begin PBXFrameworksBuildPhase section */
		C23DC7B32581055E003E30B7 /* Frameworks */ = {
			isa = PBXFrameworksBuildPhase;
			buildActionMask = 2147483647;
			files = (
			);
			runOnlyForDeploymentPostprocessing = 0;
		};
/* End PBXFrameworksBuildPhase section */

/* Begin PBXGroup section */
		C23DC7AD2581055E003E30B7 = {
			isa = PBXGroup;
			children = (
				C23DC7B82581055E003E30B7 /* WepleMoneyClone */,
				C23DC7B72581055E003E30B7 /* Products */,
			);
			sourceTree = "<group>";
		};
		C23DC7B72581055E003E30B7 /* Products */ = {
			isa = PBXGroup;
			children = (
				C23DC7B62581055E003E30B7 /* WepleMoneyClone.app */,
			);
			name = Products;
			sourceTree = "<group>";
		};
		C23DC7B82581055E003E30B7 /* WepleMoneyClone */ = {
			isa = PBXGroup;
			children = (
				C268800C25AF6960007ED34B /* MonthlyView(Main) */,
				C2687E9525AD7740007ED34B /* DailyHistoryInfoTableView.swift */,
				C2687E9B25AD78A5007ED34B /* DailyHistoryInfoTableViewCell.swift */,
				C23DE42825A251EE003E30B7 /* DayCollectionView.swift */,
				C23DE41B259F8973003E30B7 /* DayCollectionViewCell.swift */,
				C23DE42B25A2555F003E30B7 /* MonthCalendarCollectionView.swift */,
				C23DE42E25A256FA003E30B7 /* MonthCalendarCollectionViewCell.swift */,
				C23DE419259F7FFD003E30B7 /* AddHistory */,
				C2687E7E25ACDEA1007ED34B /* ExpenseCategoryCollectionViewCell.swift */,
				C268800525AF3411007ED34B /* IncomeCategoryCollectionViewCell.swift */,
				C23DC7D425810C3E003E30B7 /* WeeklyView */,
				C268801725AF6A7F007ED34B /* DailyView */,
				C268800B25AF671F007ED34B /* Category */,
				C2687E8A25ACF559007ED34B /* Model */,
				C23DC7B92581055E003E30B7 /* AppDelegate.swift */,
				C23DC7BB2581055E003E30B7 /* SceneDelegate.swift */,
				C2F9D3DF25A90C4C00F6503D /* SingleTon.swift */,
				C23DE42025A23A9C003E30B7 /* Utility.swift */,
				C23DC7BF2581055E003E30B7 /* Main.storyboard */,
				C23DC7C52581055F003E30B7 /* Assets.xcassets */,
				C23DC7C72581055F003E30B7 /* LaunchScreen.storyboard */,
				C23DC7CA2581055F003E30B7 /* Info.plist */,
				C23DC7C22581055E003E30B7 /* MoneyHistory.xcdatamodeld */,
			);
			path = WepleMoneyClone;
			sourceTree = "<group>";
		};
		C23DC7D425810C3E003E30B7 /* WeeklyView */ = {
			isa = PBXGroup;
			children = (
				C23DC7D925810C80003E30B7 /* WeekViewController.swift */,
			);
			path = WeeklyView;
			sourceTree = "<group>";
		};
		C23DE419259F7FFD003E30B7 /* AddHistory */ = {
			isa = PBXGroup;
			children = (
				C268801525AF6A37007ED34B /* ViewController */,
			);
			path = AddHistory;
			sourceTree = "<group>";
		};
		C2687E8A25ACF559007ED34B /* Model */ = {
			isa = PBXGroup;
			children = (
				C268802025AF6FB3007ED34B /* InfoModel.swift */,
				C2687E8B25ACF5A7007ED34B /* ExpenseInfoModel.swift */,
				C268801A25AF6C27007ED34B /* IncomeInfoModel.swift */,
				C2687E8F25ACFF83007ED34B /* ExpenseDAO.swift */,
				C268801D25AF6C76007ED34B /* IncomeDAO.swift */,
			);
			path = Model;
			sourceTree = "<group>";
		};
		C268800B25AF671F007ED34B /* Category */ = {
			isa = PBXGroup;
			children = (
				C2687E7725ACD894007ED34B /* ExpenseCategory.swift */,
				C268800825AF341F007ED34B /* IncomeCategory.swift */,
			);
			path = Category;
			sourceTree = "<group>";
		};
		C268800C25AF6960007ED34B /* MonthlyView(Main) */ = {
			isa = PBXGroup;
			children = (
				C268800D25AF6962007ED34B /* ViewController */,
			);
			path = "MonthlyView(Main)";
			sourceTree = "<group>";
		};
		C268800D25AF6962007ED34B /* ViewController */ = {
			isa = PBXGroup;
			children = (
				C23DC7D525810C73003E30B7 /* MonthViewController.swift */,
				C23DE43725A2F3C0003E30B7 /* MonthViewController+UIPageViewController.swift */,
				C23DE43425A2F33D003E30B7 /* MonthViewController+UICollectionView.swift */,
				C2687EA325AD9A26007ED34B /* MonthViewController+UITableView.swift */,
				C23DE43125A28AF5003E30B7 /* MonthCalendarViewController.swift */,
				C23DE43A25A2F58A003E30B7 /* MonthCalendarViewController+UICollectionView.swift */,
			);
			path = ViewController;
			sourceTree = "<group>";
		};
		C268801525AF6A37007ED34B /* ViewController */ = {
			isa = PBXGroup;
			children = (
				C2F9D3DC25A8F9D700F6503D /* AddDealHistoryViewController.swift */,
				C2687E7225ACBD39007ED34B /* SelectExpenseCategoryViewController.swift */,
				C2687E7A25ACDA9C007ED34B /* SelectExpenseCategoryViewController+UICollectionView.swift */,
				C2687E8125ACEAF5007ED34B /* SelectExpensePaymentViewController.swift */,
				C2687FFF25AF30BD007ED34B /* SelectIncomeCategoryViewController.swift */,
				C268800225AF3238007ED34B /* SelectIncomeCategoryViewController+UICollecionView.swift */,
			);
			path = ViewController;
			sourceTree = "<group>";
		};
		C268801725AF6A7F007ED34B /* DailyView */ = {
			isa = PBXGroup;
			children = (
				C23DC7DC25810C8A003E30B7 /* DayViewController.swift */,
			);
			path = DailyView;
			sourceTree = "<group>";
		};
/* End PBXGroup section */

/* Begin PBXNativeTarget section */
		C23DC7B52581055E003E30B7 /* WepleMoneyClone */ = {
			isa = PBXNativeTarget;
			buildConfigurationList = C23DC7CD2581055F003E30B7 /* Build configuration list for PBXNativeTarget "WepleMoneyClone" */;
			buildPhases = (
				C23DC7B22581055E003E30B7 /* Sources */,
				C23DC7B32581055E003E30B7 /* Frameworks */,
				C23DC7B42581055E003E30B7 /* Resources */,
			);
			buildRules = (
			);
			dependencies = (
			);
			name = WepleMoneyClone;
			productName = WepleMoneyClone;
			productReference = C23DC7B62581055E003E30B7 /* WepleMoneyClone.app */;
			productType = "com.apple.product-type.application";
		};
/* End PBXNativeTarget section */

/* Begin PBXProject section */
		C23DC7AE2581055E003E30B7 /* Project object */ = {
			isa = PBXProject;
			attributes = {
				LastSwiftUpdateCheck = 1220;
				LastUpgradeCheck = 1220;
				TargetAttributes = {
					C23DC7B52581055E003E30B7 = {
						CreatedOnToolsVersion = 12.2;
					};
				};
			};
			buildConfigurationList = C23DC7B12581055E003E30B7 /* Build configuration list for PBXProject "WepleMoneyClone" */;
			compatibilityVersion = "Xcode 9.3";
			developmentRegion = en;
			hasScannedForEncodings = 0;
			knownRegions = (
				en,
				Base,
			);
			mainGroup = C23DC7AD2581055E003E30B7;
			productRefGroup = C23DC7B72581055E003E30B7 /* Products */;
			projectDirPath = "";
			projectRoot = "";
			targets = (
				C23DC7B52581055E003E30B7 /* WepleMoneyClone */,
			);
		};
/* End PBXProject section */

/* Begin PBXResourcesBuildPhase section */
		C23DC7B42581055E003E30B7 /* Resources */ = {
			isa = PBXResourcesBuildPhase;
			buildActionMask = 2147483647;
			files = (
				C23DC7C92581055F003E30B7 /* LaunchScreen.storyboard in Resources */,
				C23DC7C62581055F003E30B7 /* Assets.xcassets in Resources */,
				C23DC7C12581055E003E30B7 /* Main.storyboard in Resources */,
			);
			runOnlyForDeploymentPostprocessing = 0;
		};
/* End PBXResourcesBuildPhase section */

/* Begin PBXSourcesBuildPhase section */
		C23DC7B22581055E003E30B7 /* Sources */ = {
			isa = PBXSourcesBuildPhase;
			buildActionMask = 2147483647;
			files = (
				C2687E7325ACBD39007ED34B /* SelectExpenseCategoryViewController.swift in Sources */,
				C23DC7DA25810C80003E30B7 /* WeekViewController.swift in Sources */,
				C2687E8225ACEAF5007ED34B /* SelectExpensePaymentViewController.swift in Sources */,
				C2F9D3DD25A8F9D700F6503D /* AddDealHistoryViewController.swift in Sources */,
				C2687E7F25ACDEA1007ED34B /* ExpenseCategoryCollectionViewCell.swift in Sources */,
				C2687E7825ACD894007ED34B /* ExpenseCategory.swift in Sources */,
				C268800325AF3238007ED34B /* SelectIncomeCategoryViewController+UICollecionView.swift in Sources */,
				C23DE41C259F8973003E30B7 /* DayCollectionViewCell.swift in Sources */,
				C268801B25AF6C27007ED34B /* IncomeInfoModel.swift in Sources */,
				C268800925AF341F007ED34B /* IncomeCategory.swift in Sources */,
				C268801E25AF6C76007ED34B /* IncomeDAO.swift in Sources */,
				C268800025AF30BD007ED34B /* SelectIncomeCategoryViewController.swift in Sources */,
				C2687EA425AD9A26007ED34B /* MonthViewController+UITableView.swift in Sources */,
				C23DC7D625810C73003E30B7 /* MonthViewController.swift in Sources */,
				C2687E9C25AD78A5007ED34B /* DailyHistoryInfoTableViewCell.swift in Sources */,
				C2687E7B25ACDA9C007ED34B /* SelectExpenseCategoryViewController+UICollectionView.swift in Sources */,
				C23DC7BA2581055E003E30B7 /* AppDelegate.swift in Sources */,
				C23DE42125A23A9C003E30B7 /* Utility.swift in Sources */,
				C23DE42C25A2555F003E30B7 /* MonthCalendarCollectionView.swift in Sources */,
				C23DE43B25A2F58A003E30B7 /* MonthCalendarViewController+UICollectionView.swift in Sources */,
				C23DC7C42581055E003E30B7 /* MoneyHistory.xcdatamodeld in Sources */,
				C23DC7DD25810C8A003E30B7 /* DayViewController.swift in Sources */,
				C268800625AF3411007ED34B /* IncomeCategoryCollectionViewCell.swift in Sources */,
				C23DE42F25A256FA003E30B7 /* MonthCalendarCollectionViewCell.swift in Sources */,
				C2687E8C25ACF5A7007ED34B /* ExpenseInfoModel.swift in Sources */,
				C23DE43525A2F33D003E30B7 /* MonthViewController+UICollectionView.swift in Sources */,
				C2687E9625AD7740007ED34B /* DailyHistoryInfoTableView.swift in Sources */,
				C23DE43225A28AF5003E30B7 /* MonthCalendarViewController.swift in Sources */,
				C23DE42925A251EE003E30B7 /* DayCollectionView.swift in Sources */,
				C23DC7BC2581055E003E30B7 /* SceneDelegate.swift in Sources */,
				C23DE43825A2F3C0003E30B7 /* MonthViewController+UIPageViewController.swift in Sources */,
				C268802125AF6FB3007ED34B /* InfoModel.swift in Sources */,
				C2F9D3E025A90C4C00F6503D /* SingleTon.swift in Sources */,
				C2687E9025ACFF83007ED34B /* ExpenseDAO.swift in Sources */,
			);
			runOnlyForDeploymentPostprocessing = 0;
		};
/* End PBXSourcesBuildPhase section */

/* Begin PBXVariantGroup section */
		C23DC7BF2581055E003E30B7 /* Main.storyboard */ = {
			isa = PBXVariantGroup;
			children = (
				C23DC7C02581055E003E30B7 /* Base */,
			);
			name = Main.storyboard;
			sourceTree = "<group>";
		};
		C23DC7C72581055F003E30B7 /* LaunchScreen.storyboard */ = {
			isa = PBXVariantGroup;
			children = (
				C23DC7C82581055F003E30B7 /* Base */,
			);
			name = LaunchScreen.storyboard;
			sourceTree = "<group>";
		};
/* End PBXVariantGroup section */

/* Begin XCBuildConfiguration section */
		C23DC7CB2581055F003E30B7 /* Debug */ = {
			isa = XCBuildConfiguration;
			buildSettings = {
				ALWAYS_SEARCH_USER_PATHS = NO;
				CLANG_ANALYZER_NONNULL = YES;
				CLANG_ANALYZER_NUMBER_OBJECT_CONVERSION = YES_AGGRESSIVE;
				CLANG_CXX_LANGUAGE_STANDARD = "gnu++14";
				CLANG_CXX_LIBRARY = "libc++";
				CLANG_ENABLE_MODULES = YES;
				CLANG_ENABLE_OBJC_ARC = YES;
				CLANG_ENABLE_OBJC_WEAK = YES;
				CLANG_WARN_BLOCK_CAPTURE_AUTORELEASING = YES;
				CLANG_WARN_BOOL_CONVERSION = YES;
				CLANG_WARN_COMMA = YES;
				CLANG_WARN_CONSTANT_CONVERSION = YES;
				CLANG_WARN_DEPRECATED_OBJC_IMPLEMENTATIONS = YES;
				CLANG_WARN_DIRECT_OBJC_ISA_USAGE = YES_ERROR;
				CLANG_WARN_DOCUMENTATION_COMMENTS = YES;
				CLANG_WARN_EMPTY_BODY = YES;
				CLANG_WARN_ENUM_CONVERSION = YES;
				CLANG_WARN_INFINITE_RECURSION = YES;
				CLANG_WARN_INT_CONVERSION = YES;
				CLANG_WARN_NON_LITERAL_NULL_CONVERSION = YES;
				CLANG_WARN_OBJC_IMPLICIT_RETAIN_SELF = YES;
				CLANG_WARN_OBJC_LITERAL_CONVERSION = YES;
				CLANG_WARN_OBJC_ROOT_CLASS = YES_ERROR;
				CLANG_WARN_QUOTED_INCLUDE_IN_FRAMEWORK_HEADER = YES;
				CLANG_WARN_RANGE_LOOP_ANALYSIS = YES;
				CLANG_WARN_STRICT_PROTOTYPES = YES;
				CLANG_WARN_SUSPICIOUS_MOVE = YES;
				CLANG_WARN_UNGUARDED_AVAILABILITY = YES_AGGRESSIVE;
				CLANG_WARN_UNREACHABLE_CODE = YES;
				CLANG_WARN__DUPLICATE_METHOD_MATCH = YES;
				COPY_PHASE_STRIP = NO;
				DEBUG_INFORMATION_FORMAT = dwarf;
				ENABLE_STRICT_OBJC_MSGSEND = YES;
				ENABLE_TESTABILITY = YES;
				GCC_C_LANGUAGE_STANDARD = gnu11;
				GCC_DYNAMIC_NO_PIC = NO;
				GCC_NO_COMMON_BLOCKS = YES;
				GCC_OPTIMIZATION_LEVEL = 0;
				GCC_PREPROCESSOR_DEFINITIONS = (
					"DEBUG=1",
					"$(inherited)",
				);
				GCC_WARN_64_TO_32_BIT_CONVERSION = YES;
				GCC_WARN_ABOUT_RETURN_TYPE = YES_ERROR;
				GCC_WARN_UNDECLARED_SELECTOR = YES;
				GCC_WARN_UNINITIALIZED_AUTOS = YES_AGGRESSIVE;
				GCC_WARN_UNUSED_FUNCTION = YES;
				GCC_WARN_UNUSED_VARIABLE = YES;
				IPHONEOS_DEPLOYMENT_TARGET = 13.0;
				MTL_ENABLE_DEBUG_INFO = INCLUDE_SOURCE;
				MTL_FAST_MATH = YES;
				ONLY_ACTIVE_ARCH = YES;
				SDKROOT = iphoneos;
				SWIFT_ACTIVE_COMPILATION_CONDITIONS = DEBUG;
				SWIFT_OPTIMIZATION_LEVEL = "-Onone";
			};
			name = Debug;
		};
		C23DC7CC2581055F003E30B7 /* Release */ = {
			isa = XCBuildConfiguration;
			buildSettings = {
				ALWAYS_SEARCH_USER_PATHS = NO;
				CLANG_ANALYZER_NONNULL = YES;
				CLANG_ANALYZER_NUMBER_OBJECT_CONVERSION = YES_AGGRESSIVE;
				CLANG_CXX_LANGUAGE_STANDARD = "gnu++14";
				CLANG_CXX_LIBRARY = "libc++";
				CLANG_ENABLE_MODULES = YES;
				CLANG_ENABLE_OBJC_ARC = YES;
				CLANG_ENABLE_OBJC_WEAK = YES;
				CLANG_WARN_BLOCK_CAPTURE_AUTORELEASING = YES;
				CLANG_WARN_BOOL_CONVERSION = YES;
				CLANG_WARN_COMMA = YES;
				CLANG_WARN_CONSTANT_CONVERSION = YES;
				CLANG_WARN_DEPRECATED_OBJC_IMPLEMENTATIONS = YES;
				CLANG_WARN_DIRECT_OBJC_ISA_USAGE = YES_ERROR;
				CLANG_WARN_DOCUMENTATION_COMMENTS = YES;
				CLANG_WARN_EMPTY_BODY = YES;
				CLANG_WARN_ENUM_CONVERSION = YES;
				CLANG_WARN_INFINITE_RECURSION = YES;
				CLANG_WARN_INT_CONVERSION = YES;
				CLANG_WARN_NON_LITERAL_NULL_CONVERSION = YES;
				CLANG_WARN_OBJC_IMPLICIT_RETAIN_SELF = YES;
				CLANG_WARN_OBJC_LITERAL_CONVERSION = YES;
				CLANG_WARN_OBJC_ROOT_CLASS = YES_ERROR;
				CLANG_WARN_QUOTED_INCLUDE_IN_FRAMEWORK_HEADER = YES;
				CLANG_WARN_RANGE_LOOP_ANALYSIS = YES;
				CLANG_WARN_STRICT_PROTOTYPES = YES;
				CLANG_WARN_SUSPICIOUS_MOVE = YES;
				CLANG_WARN_UNGUARDED_AVAILABILITY = YES_AGGRESSIVE;
				CLANG_WARN_UNREACHABLE_CODE = YES;
				CLANG_WARN__DUPLICATE_METHOD_MATCH = YES;
				COPY_PHASE_STRIP = NO;
				DEBUG_INFORMATION_FORMAT = "dwarf-with-dsym";
				ENABLE_NS_ASSERTIONS = NO;
				ENABLE_STRICT_OBJC_MSGSEND = YES;
				GCC_C_LANGUAGE_STANDARD = gnu11;
				GCC_NO_COMMON_BLOCKS = YES;
				GCC_WARN_64_TO_32_BIT_CONVERSION = YES;
				GCC_WARN_ABOUT_RETURN_TYPE = YES_ERROR;
				GCC_WARN_UNDECLARED_SELECTOR = YES;
				GCC_WARN_UNINITIALIZED_AUTOS = YES_AGGRESSIVE;
				GCC_WARN_UNUSED_FUNCTION = YES;
				GCC_WARN_UNUSED_VARIABLE = YES;
				IPHONEOS_DEPLOYMENT_TARGET = 13.0;
				MTL_ENABLE_DEBUG_INFO = NO;
				MTL_FAST_MATH = YES;
				SDKROOT = iphoneos;
				SWIFT_COMPILATION_MODE = wholemodule;
				SWIFT_OPTIMIZATION_LEVEL = "-O";
				VALIDATE_PRODUCT = YES;
			};
			name = Release;
		};
		C23DC7CE2581055F003E30B7 /* Debug */ = {
			isa = XCBuildConfiguration;
			buildSettings = {
				ASSETCATALOG_COMPILER_APPICON_NAME = AppIcon;
				ASSETCATALOG_COMPILER_GLOBAL_ACCENT_COLOR_NAME = AccentColor;
				CODE_SIGN_STYLE = Automatic;
				DEVELOPMENT_TEAM = K6448RX2CR;
				INFOPLIST_FILE = WepleMoneyClone/Info.plist;
				IPHONEOS_DEPLOYMENT_TARGET = 13.0;
				LD_RUNPATH_SEARCH_PATHS = (
					"$(inherited)",
					"@executable_path/Frameworks",
				);
				PRODUCT_BUNDLE_IDENTIFIER = com.msk7529.WepleMoneyClone;
				PRODUCT_NAME = "$(TARGET_NAME)";
				SWIFT_VERSION = 5.0;
				TARGETED_DEVICE_FAMILY = "1,2";
			};
			name = Debug;
		};
		C23DC7CF2581055F003E30B7 /* Release */ = {
			isa = XCBuildConfiguration;
			buildSettings = {
				ASSETCATALOG_COMPILER_APPICON_NAME = AppIcon;
				ASSETCATALOG_COMPILER_GLOBAL_ACCENT_COLOR_NAME = AccentColor;
				CODE_SIGN_STYLE = Automatic;
				DEVELOPMENT_TEAM = K6448RX2CR;
				INFOPLIST_FILE = WepleMoneyClone/Info.plist;
				IPHONEOS_DEPLOYMENT_TARGET = 13.0;
				LD_RUNPATH_SEARCH_PATHS = (
					"$(inherited)",
					"@executable_path/Frameworks",
				);
				PRODUCT_BUNDLE_IDENTIFIER = com.msk7529.WepleMoneyClone;
				PRODUCT_NAME = "$(TARGET_NAME)";
				SWIFT_VERSION = 5.0;
				TARGETED_DEVICE_FAMILY = "1,2";
			};
			name = Release;
		};
/* End XCBuildConfiguration section */

/* Begin XCConfigurationList section */
		C23DC7B12581055E003E30B7 /* Build configuration list for PBXProject "WepleMoneyClone" */ = {
			isa = XCConfigurationList;
			buildConfigurations = (
				C23DC7CB2581055F003E30B7 /* Debug */,
				C23DC7CC2581055F003E30B7 /* Release */,
			);
			defaultConfigurationIsVisible = 0;
			defaultConfigurationName = Release;
		};
		C23DC7CD2581055F003E30B7 /* Build configuration list for PBXNativeTarget "WepleMoneyClone" */ = {
			isa = XCConfigurationList;
			buildConfigurations = (
				C23DC7CE2581055F003E30B7 /* Debug */,
				C23DC7CF2581055F003E30B7 /* Release */,
			);
			defaultConfigurationIsVisible = 0;
			defaultConfigurationName = Release;
		};
/* End XCConfigurationList section */

/* Begin XCVersionGroup section */
		C23DC7C22581055E003E30B7 /* MoneyHistory.xcdatamodeld */ = {
			isa = XCVersionGroup;
			children = (
				C23DC7C32581055E003E30B7 /* WepleMoneyClone.xcdatamodel */,
			);
			currentVersion = C23DC7C32581055E003E30B7 /* WepleMoneyClone.xcdatamodel */;
			path = MoneyHistory.xcdatamodeld;
			sourceTree = "<group>";
			versionGroupType = wrapper.xcdatamodel;
		};
/* End XCVersionGroup section */
	};
	rootObject = C23DC7AE2581055E003E30B7 /* Project object */;
}
